
Microsoft Visual Studio Solution File, Format Version 12.00
# Visual Studio Version 17
VisualStudioVersion = 17.6.33829.357
MinimumVisualStudioVersion = 10.0.40219.1
Project("{FAE04EC0-301F-11D3-BF4B-00C04F79EFBC}") = "Reminder", "Reminder\Reminder.csproj", "{DBE20F7C-3F1D-486F-A166-92C437EA08D2}"
EndProject
Global
	GlobalSection(SolutionConfigurationPlatforms) = preSolution
		Debug|Any CPU = Debug|Any CPU
		Release|Any CPU = Release|Any CPU
	EndGlobalSection
	GlobalSection(ProjectConfigurationPlatforms) = postSolution
		{DBE20F7C-3F1D-486F-A166-92C437EA08D2}.Debug|Any CPU.ActiveCfg = Debug|Any CPU
		{DBE20F7C-3F1D-486F-A166-92C437EA08D2}.Debug|Any CPU.Build.0 = Debug|Any CPU
		{DBE20F7C-3F1D-486F-A166-92C437EA08D2}.Release|Any CPU.ActiveCfg = Release|Any CPU
		{DBE20F7C-3F1D-486F-A166-92C437EA08D2}.Release|Any CPU.Build.0 = Release|Any CPU
	EndGlobalSection
	GlobalSection(SolutionProperties) = preSolution
		HideSolutionNode = FALSE
	EndGlobalSection
	GlobalSection(ExtensibilityGlobals) = postSolution
		SolutionGuid = {2C2B370B-1173-4EC5-85C2-C70DC99CAE97}
	EndGlobalSection
EndGlobal
